
Microsoft Visual Studio Solution File, Format Version 12.00
# Visual Studio 15
VisualStudioVersion = 15.0.28010.2048
MinimumVisualStudioVersion = 10.0.40219.1
Project("{FAE04EC0-301F-11D3-BF4B-00C04F79EFBC}") = "LeetCode", "LeetCode\LeetCode.csproj", "{ACD4D9B9-0320-412F-9001-36D8B4F139A1}"
EndProject
Project("{FAE04EC0-301F-11D3-BF4B-00C04F79EFBC}") = "LeetCode.Tests", "LeetCode.Tests\LeetCode.Tests.csproj", "{363B5E6B-CE31-4E95-A92A-E1E7286B54F4}"
EndProject
Global
	GlobalSection(SolutionConfigurationPlatforms) = preSolution
		Debug|Any CPU = Debug|Any CPU
		Release|Any CPU = Release|Any CPU
	EndGlobalSection
	GlobalSection(ProjectConfigurationPlatforms) = postSolution
		{ACD4D9B9-0320-412F-9001-36D8B4F139A1}.Debug|Any CPU.ActiveCfg = Debug|Any CPU
		{ACD4D9B9-0320-412F-9001-36D8B4F139A1}.Debug|Any CPU.Build.0 = Debug|Any CPU
		{ACD4D9B9-0320-412F-9001-36D8B4F139A1}.Release|Any CPU.ActiveCfg = Release|Any CPU
		{ACD4D9B9-0320-412F-9001-36D8B4F139A1}.Release|Any CPU.Build.0 = Release|Any CPU
		{363B5E6B-CE31-4E95-A92A-E1E7286B54F4}.Debug|Any CPU.ActiveCfg = Debug|Any CPU
		{363B5E6B-CE31-4E95-A92A-E1E7286B54F4}.Debug|Any CPU.Build.0 = Debug|Any CPU
		{363B5E6B-CE31-4E95-A92A-E1E7286B54F4}.Release|Any CPU.ActiveCfg = Release|Any CPU
		{363B5E6B-CE31-4E95-A92A-E1E7286B54F4}.Release|Any CPU.Build.0 = Release|Any CPU
	EndGlobalSection
	GlobalSection(SolutionProperties) = preSolution
		HideSolutionNode = FALSE
	EndGlobalSection
	GlobalSection(ExtensibilityGlobals) = postSolution
		SolutionGuid = {4D1FC4F5-3A61-4DBB-8638-292063ADC890}
	EndGlobalSection
EndGlobal
